// !$*UTF8*$!
{
	archiveVersion = 1;
	classes = {
	};
	objectVersion = 46;
	objects = {

/* Begin PBXBuildFile section */
		51060A8E1B0984ED00D635E0 /* XGThread.mm in Sources */ = {isa = PBXBuildFile; fileRef = 51060A8C1B0984ED00D635E0 /* XGThread.mm */; };
		51060A911B098CA700D635E0 /* DownloadPictureThread.mm in Sources */ = {isa = PBXBuildFile; fileRef = 51060A8F1B098CA700D635E0 /* DownloadPictureThread.mm */; };
		51060A951B09BA9900D635E0 /* XGMutex.mm in Sources */ = {isa = PBXBuildFile; fileRef = 51060A931B09BA9900D635E0 /* XGMutex.mm */; };
		512EA8771997F5440043D890 /* Foundation.framework in Frameworks */ = {isa = PBXBuildFile; fileRef = 512EA8761997F5440043D890 /* Foundation.framework */; };
		512EA8791997F5440043D890 /* CoreGraphics.framework in Frameworks */ = {isa = PBXBuildFile; fileRef = 512EA8781997F5440043D890 /* CoreGraphics.framework */; };
		512EA87B1997F5440043D890 /* UIKit.framework in Frameworks */ = {isa = PBXBuildFile; fileRef = 512EA87A1997F5440043D890 /* UIKit.framework */; };
		512EA8811997F5440043D890 /* InfoPlist.strings in Resources */ = {isa = PBXBuildFile; fileRef = 512EA87F1997F5440043D890 /* InfoPlist.strings */; };
		512EA8831997F5440043D890 /* main.m in Sources */ = {isa = PBXBuildFile; fileRef = 512EA8821997F5440043D890 /* main.m */; };
		512EA8871997F5440043D890 /* AppDelegate.m in Sources */ = {isa = PBXBuildFile; fileRef = 512EA8861997F5440043D890 /* AppDelegate.m */; };
		512EA88A1997F5440043D890 /* Main.storyboard in Resources */ = {isa = PBXBuildFile; fileRef = 512EA8881997F5440043D890 /* Main.storyboard */; };
		512EA88D1997F5440043D890 /* ViewController.mm in Sources */ = {isa = PBXBuildFile; fileRef = 512EA88C1997F5440043D890 /* ViewController.mm */; };
		512EA88F1997F5440043D890 /* Images.xcassets in Resources */ = {isa = PBXBuildFile; fileRef = 512EA88E1997F5440043D890 /* Images.xcassets */; };
		512EA8961997F5440043D890 /* XCTest.framework in Frameworks */ = {isa = PBXBuildFile; fileRef = 512EA8951997F5440043D890 /* XCTest.framework */; };
		512EA8971997F5440043D890 /* Foundation.framework in Frameworks */ = {isa = PBXBuildFile; fileRef = 512EA8761997F5440043D890 /* Foundation.framework */; };
		512EA8981997F5440043D890 /* UIKit.framework in Frameworks */ = {isa = PBXBuildFile; fileRef = 512EA87A1997F5440043D890 /* UIKit.framework */; };
		512EA8A01997F5440043D890 /* InfoPlist.strings in Resources */ = {isa = PBXBuildFile; fileRef = 512EA89E1997F5440043D890 /* InfoPlist.strings */; };
		512EA8A21997F5440043D890 /* TestPthreadTests.m in Sources */ = {isa = PBXBuildFile; fileRef = 512EA8A11997F5440043D890 /* TestPthreadTests.m */; };
/* End PBXBuildFile section */

/* Begin PBXContainerItemProxy section */
		512EA8991997F5440043D890 /* PBXContainerItemProxy */ = {
			isa = PBXContainerItemProxy;
			containerPortal = 512EA86B1997F5440043D890 /* Project object */;
			proxyType = 1;
			remoteGlobalIDString = 512EA8721997F5440043D890;
			remoteInfo = TestPthread;
		};
/* End PBXContainerItemProxy section */

/* Begin PBXFileReference section */
		51060A8C1B0984ED00D635E0 /* XGThread.mm */ = {isa = PBXFileReference; fileEncoding = 4; lastKnownFileType = sourcecode.cpp.objcpp; path = XGThread.mm; sourceTree = "<group>"; };
		51060A8D1B0984ED00D635E0 /* XGThread.h */ = {isa = PBXFileReference; fileEncoding = 4; lastKnownFileType = sourcecode.c.h; path = XGThread.h; sourceTree = "<group>"; };
		51060A8F1B098CA700D635E0 /* DownloadPictureThread.mm */ = {isa = PBXFileReference; fileEncoding = 4; lastKnownFileType = sourcecode.cpp.objcpp; path = DownloadPictureThread.mm; sourceTree = "<group>"; };
		51060A901B098CA700D635E0 /* DownloadPictureThread.h */ = {isa = PBXFileReference; fileEncoding = 4; lastKnownFileType = sourcecode.c.h; path = DownloadPictureThread.h; sourceTree = "<group>"; };
		51060A931B09BA9900D635E0 /* XGMutex.mm */ = {isa = PBXFileReference; fileEncoding = 4; lastKnownFileType = sourcecode.cpp.objcpp; path = XGMutex.mm; sourceTree = "<group>"; };
		51060A941B09BA9900D635E0 /* XGMutex.h */ = {isa = PBXFileReference; fileEncoding = 4; lastKnownFileType = sourcecode.c.h; path = XGMutex.h; sourceTree = "<group>"; };
		512EA8731997F5440043D890 /* TestPthread.app */ = {isa = PBXFileReference; explicitFileType = wrapper.application; includeInIndex = 0; path = TestPthread.app; sourceTree = BUILT_PRODUCTS_DIR; };
		512EA8761997F5440043D890 /* Foundation.framework */ = {isa = PBXFileReference; lastKnownFileType = wrapper.framework; name = Foundation.framework; path = System/Library/Frameworks/Foundation.framework; sourceTree = SDKROOT; };
		512EA8781997F5440043D890 /* CoreGraphics.framework */ = {isa = PBXFileReference; lastKnownFileType = wrapper.framework; name = CoreGraphics.framework; path = System/Library/Frameworks/CoreGraphics.framework; sourceTree = SDKROOT; };
		512EA87A1997F5440043D890 /* UIKit.framework */ = {isa = PBXFileReference; lastKnownFileType = wrapper.framework; name = UIKit.framework; path = System/Library/Frameworks/UIKit.framework; sourceTree = SDKROOT; };
		512EA87E1997F5440043D890 /* TestPthread-Info.plist */ = {isa = PBXFileReference; lastKnownFileType = text.plist.xml; path = "TestPthread-Info.plist"; sourceTree = "<group>"; };
		512EA8801997F5440043D890 /* en */ = {isa = PBXFileReference; lastKnownFileType = text.plist.strings; name = en; path = en.lproj/InfoPlist.strings; sourceTree = "<group>"; };
		512EA8821997F5440043D890 /* main.m */ = {isa = PBXFileReference; lastKnownFileType = sourcecode.c.objc; path = main.m; sourceTree = "<group>"; };
		512EA8841997F5440043D890 /* TestPthread-Prefix.pch */ = {isa = PBXFileReference; lastKnownFileType = sourcecode.c.h; path = "TestPthread-Prefix.pch"; sourceTree = "<group>"; };
		512EA8851997F5440043D890 /* AppDelegate.h */ = {isa = PBXFileReference; lastKnownFileType = sourcecode.c.h; path = AppDelegate.h; sourceTree = "<group>"; };
		512EA8861997F5440043D890 /* AppDelegate.m */ = {isa = PBXFileReference; lastKnownFileType = sourcecode.c.objc; path = AppDelegate.m; sourceTree = "<group>"; };
		512EA8891997F5440043D890 /* Base */ = {isa = PBXFileReference; lastKnownFileType = file.storyboard; name = Base; path = Base.lproj/Main.storyboard; sourceTree = "<group>"; };
		512EA88B1997F5440043D890 /* ViewController.h */ = {isa = PBXFileReference; lastKnownFileType = sourcecode.c.h; path = ViewController.h; sourceTree = "<group>"; };
		512EA88C1997F5440043D890 /* ViewController.mm */ = {isa = PBXFileReference; lastKnownFileType = sourcecode.cpp.objcpp; path = ViewController.mm; sourceTree = "<group>"; };
		512EA88E1997F5440043D890 /* Images.xcassets */ = {isa = PBXFileReference; lastKnownFileType = folder.assetcatalog; path = Images.xcassets; sourceTree = "<group>"; };
		512EA8941997F5440043D890 /* TestPthreadTests.xctest */ = {isa = PBXFileReference; explicitFileType = wrapper.cfbundle; includeInIndex = 0; path = TestPthreadTests.xctest; sourceTree = BUILT_PRODUCTS_DIR; };
		512EA8951997F5440043D890 /* XCTest.framework */ = {isa = PBXFileReference; lastKnownFileType = wrapper.framework; name = XCTest.framework; path = Library/Frameworks/XCTest.framework; sourceTree = DEVELOPER_DIR; };
		512EA89D1997F5440043D890 /* TestPthreadTests-Info.plist */ = {isa = PBXFileReference; lastKnownFileType = text.plist.xml; path = "TestPthreadTests-Info.plist"; sourceTree = "<group>"; };
		512EA89F1997F5440043D890 /* en */ = {isa = PBXFileReference; lastKnownFileType = text.plist.strings; name = en; path = en.lproj/InfoPlist.strings; sourceTree = "<group>"; };
		512EA8A11997F5440043D890 /* TestPthreadTests.m */ = {isa = PBXFileReference; lastKnownFileType = sourcecode.c.objc; path = TestPthreadTests.m; sourceTree = "<group>"; };
/* End PBXFileReference section */

/* Begin PBXFrameworksBuildPhase section */
		512EA8701997F5440043D890 /* Frameworks */ = {
			isa = PBXFrameworksBuildPhase;
			buildActionMask = 2147483647;
			files = (
				512EA8791997F5440043D890 /* CoreGraphics.framework in Frameworks */,
				512EA87B1997F5440043D890 /* UIKit.framework in Frameworks */,
				512EA8771997F5440043D890 /* Foundation.framework in Frameworks */,
			);
			runOnlyForDeploymentPostprocessing = 0;
		};
		512EA8911997F5440043D890 /* Frameworks */ = {
			isa = PBXFrameworksBuildPhase;
			buildActionMask = 2147483647;
			files = (
				512EA8961997F5440043D890 /* XCTest.framework in Frameworks */,
				512EA8981997F5440043D890 /* UIKit.framework in Frameworks */,
				512EA8971997F5440043D890 /* Foundation.framework in Frameworks */,
			);
			runOnlyForDeploymentPostprocessing = 0;
		};
/* End PBXFrameworksBuildPhase section */

/* Begin PBXGroup section */
		512EA86A1997F5440043D890 = {
			isa = PBXGroup;
			children = (
				512EA87C1997F5440043D890 /* TestPthread */,
				512EA89B1997F5440043D890 /* TestPthreadTests */,
				512EA8751997F5440043D890 /* Frameworks */,
				512EA8741997F5440043D890 /* Products */,
			);
			sourceTree = "<group>";
		};
		512EA8741997F5440043D890 /* Products */ = {
			isa = PBXGroup;
			children = (
				512EA8731997F5440043D890 /* TestPthread.app */,
				512EA8941997F5440043D890 /* TestPthreadTests.xctest */,
			);
			name = Products;
			sourceTree = "<group>";
		};
		512EA8751997F5440043D890 /* Frameworks */ = {
			isa = PBXGroup;
			children = (
				512EA8761997F5440043D890 /* Foundation.framework */,
				512EA8781997F5440043D890 /* CoreGraphics.framework */,
				512EA87A1997F5440043D890 /* UIKit.framework */,
				512EA8951997F5440043D890 /* XCTest.framework */,
			);
			name = Frameworks;
			sourceTree = "<group>";
		};
		512EA87C1997F5440043D890 /* TestPthread */ = {
			isa = PBXGroup;
			children = (
				512EA8851997F5440043D890 /* AppDelegate.h */,
				512EA8861997F5440043D890 /* AppDelegate.m */,
				512EA8881997F5440043D890 /* Main.storyboard */,
				512EA88B1997F5440043D890 /* ViewController.h */,
				512EA88C1997F5440043D890 /* ViewController.mm */,
				51060A8F1B098CA700D635E0 /* DownloadPictureThread.mm */,
				51060A901B098CA700D635E0 /* DownloadPictureThread.h */,
				51060A8C1B0984ED00D635E0 /* XGThread.mm */,
				51060A8D1B0984ED00D635E0 /* XGThread.h */,
				51060A931B09BA9900D635E0 /* XGMutex.mm */,
				51060A941B09BA9900D635E0 /* XGMutex.h */,
				512EA88E1997F5440043D890 /* Images.xcassets */,
				512EA87D1997F5440043D890 /* Supporting Files */,
			);
			path = TestPthread;
			sourceTree = "<group>";
		};
		512EA87D1997F5440043D890 /* Supporting Files */ = {
			isa = PBXGroup;
			children = (
				512EA87E1997F5440043D890 /* TestPthread-Info.plist */,
				512EA87F1997F5440043D890 /* InfoPlist.strings */,
				512EA8821997F5440043D890 /* main.m */,
				512EA8841997F5440043D890 /* TestPthread-Prefix.pch */,
			);
			name = "Supporting Files";
			sourceTree = "<group>";
		};
		512EA89B1997F5440043D890 /* TestPthreadTests */ = {
			isa = PBXGroup;
			children = (
				512EA8A11997F5440043D890 /* TestPthreadTests.m */,
				512EA89C1997F5440043D890 /* Supporting Files */,
			);
			path = TestPthreadTests;
			sourceTree = "<group>";
		};
		512EA89C1997F5440043D890 /* Supporting Files */ = {
			isa = PBXGroup;
			children = (
				512EA89D1997F5440043D890 /* TestPthreadTests-Info.plist */,
				512EA89E1997F5440043D890 /* InfoPlist.strings */,
			);
			name = "Supporting Files";
			sourceTree = "<group>";
		};
/* End PBXGroup section */

/* Begin PBXNativeTarget section */
		512EA8721997F5440043D890 /* TestPthread */ = {
			isa = PBXNativeTarget;
			buildConfigurationList = 512EA8A51997F5440043D890 /* Build configuration list for PBXNativeTarget "TestPthread" */;
			buildPhases = (
				512EA86F1997F5440043D890 /* Sources */,
				512EA8701997F5440043D890 /* Frameworks */,
				512EA8711997F5440043D890 /* Resources */,
			);
			buildRules = (
			);
			dependencies = (
			);
			name = TestPthread;
			productName = TestPthread;
			productReference = 512EA8731997F5440043D890 /* TestPthread.app */;
			productType = "com.apple.product-type.application";
		};
		512EA8931997F5440043D890 /* TestPthreadTests */ = {
			isa = PBXNativeTarget;
			buildConfigurationList = 512EA8A81997F5440043D890 /* Build configuration list for PBXNativeTarget "TestPthreadTests" */;
			buildPhases = (
				512EA8901997F5440043D890 /* Sources */,
				512EA8911997F5440043D890 /* Frameworks */,
				512EA8921997F5440043D890 /* Resources */,
			);
			buildRules = (
			);
			dependencies = (
				512EA89A1997F5440043D890 /* PBXTargetDependency */,
			);
			name = TestPthreadTests;
			productName = TestPthreadTests;
			productReference = 512EA8941997F5440043D890 /* TestPthreadTests.xctest */;
			productType = "com.apple.product-type.bundle.unit-test";
		};
/* End PBXNativeTarget section */

/* Begin PBXProject section */
		512EA86B1997F5440043D890 /* Project object */ = {
			isa = PBXProject;
			attributes = {
				LastUpgradeCheck = 0510;
				ORGANIZATIONNAME = RongCloud;
				TargetAttributes = {
					512EA8931997F5440043D890 = {
						TestTargetID = 512EA8721997F5440043D890;
					};
				};
			};
			buildConfigurationList = 512EA86E1997F5440043D890 /* Build configuration list for PBXProject "TestPthread" */;
			compatibilityVersion = "Xcode 3.2";
			developmentRegion = English;
			hasScannedForEncodings = 0;
			knownRegions = (
				en,
				Base,
			);
			mainGroup = 512EA86A1997F5440043D890;
			productRefGroup = 512EA8741997F5440043D890 /* Products */;
			projectDirPath = "";
			projectRoot = "";
			targets = (
				512EA8721997F5440043D890 /* TestPthread */,
				512EA8931997F5440043D890 /* TestPthreadTests */,
			);
		};
/* End PBXProject section */

/* Begin PBXResourcesBuildPhase section */
		512EA8711997F5440043D890 /* Resources */ = {
			isa = PBXResourcesBuildPhase;
			buildActionMask = 2147483647;
			files = (
				512EA88F1997F5440043D890 /* Images.xcassets in Resources */,
				512EA8811997F5440043D890 /* InfoPlist.strings in Resources */,
				512EA88A1997F5440043D890 /* Main.storyboard in Resources */,
			);
			runOnlyForDeploymentPostprocessing = 0;
		};
		512EA8921997F5440043D890 /* Resources */ = {
			isa = PBXResourcesBuildPhase;
			buildActionMask = 2147483647;
			files = (
				512EA8A01997F5440043D890 /* InfoPlist.strings in Resources */,
			);
			runOnlyForDeploymentPostprocessing = 0;
		};
/* End PBXResourcesBuildPhase section */

/* Begin PBXSourcesBuildPhase section */
		512EA86F1997F5440043D890 /* Sources */ = {
			isa = PBXSourcesBuildPhase;
			buildActionMask = 2147483647;
			files = (
				51060A8E1B0984ED00D635E0 /* XGThread.mm in Sources */,
				512EA88D1997F5440043D890 /* ViewController.mm in Sources */,
				51060A951B09BA9900D635E0 /* XGMutex.mm in Sources */,
				512EA8871997F5440043D890 /* AppDelegate.m in Sources */,
				51060A911B098CA700D635E0 /* DownloadPictureThread.mm in Sources */,
				512EA8831997F5440043D890 /* main.m in Sources */,
			);
			runOnlyForDeploymentPostprocessing = 0;
		};
		512EA8901997F5440043D890 /* Sources */ = {
			isa = PBXSourcesBuildPhase;
			buildActionMask = 2147483647;
			files = (
				512EA8A21997F5440043D890 /* TestPthreadTests.m in Sources */,
			);
			runOnlyForDeploymentPostprocessing = 0;
		};
/* End PBXSourcesBuildPhase section */

/* Begin PBXTargetDependency section */
		512EA89A1997F5440043D890 /* PBXTargetDependency */ = {
			isa = PBXTargetDependency;
			target = 512EA8721997F5440043D890 /* TestPthread */;
			targetProxy = 512EA8991997F5440043D890 /* PBXContainerItemProxy */;
		};
/* End PBXTargetDependency section */

/* Begin PBXVariantGroup section */
		512EA87F1997F5440043D890 /* InfoPlist.strings */ = {
			isa = PBXVariantGroup;
			children = (
				512EA8801997F5440043D890 /* en */,
			);
			name = InfoPlist.strings;
			sourceTree = "<group>";
		};
		512EA8881997F5440043D890 /* Main.storyboard */ = {
			isa = PBXVariantGroup;
			children = (
				512EA8891997F5440043D890 /* Base */,
			);
			name = Main.storyboard;
			sourceTree = "<group>";
		};
		512EA89E1997F5440043D890 /* InfoPlist.strings */ = {
			isa = PBXVariantGroup;
			children = (
				512EA89F1997F5440043D890 /* en */,
			);
			name = InfoPlist.strings;
			sourceTree = "<group>";
		};
/* End PBXVariantGroup section */

/* Begin XCBuildConfiguration section */
		512EA8A31997F5440043D890 /* Debug */ = {
			isa = XCBuildConfiguration;
			buildSettings = {
				ALWAYS_SEARCH_USER_PATHS = NO;
				CLANG_CXX_LANGUAGE_STANDARD = "gnu++0x";
				CLANG_CXX_LIBRARY = "libc++";
				CLANG_ENABLE_MODULES = YES;
				CLANG_ENABLE_OBJC_ARC = YES;
				CLANG_WARN_BOOL_CONVERSION = YES;
				CLANG_WARN_CONSTANT_CONVERSION = YES;
				CLANG_WARN_DIRECT_OBJC_ISA_USAGE = YES_ERROR;
				CLANG_WARN_EMPTY_BODY = YES;
				CLANG_WARN_ENUM_CONVERSION = YES;
				CLANG_WARN_INT_CONVERSION = YES;
				CLANG_WARN_OBJC_ROOT_CLASS = YES_ERROR;
				CLANG_WARN__DUPLICATE_METHOD_MATCH = YES;
				"CODE_SIGN_IDENTITY[sdk=iphoneos*]" = "iPhone Developer";
				COPY_PHASE_STRIP = NO;
				GCC_C_LANGUAGE_STANDARD = gnu99;
				GCC_DYNAMIC_NO_PIC = NO;
				GCC_OPTIMIZATION_LEVEL = 0;
				GCC_PREPROCESSOR_DEFINITIONS = (
					"DEBUG=1",
					"$(inherited)",
				);
				GCC_SYMBOLS_PRIVATE_EXTERN = NO;
				GCC_WARN_64_TO_32_BIT_CONVERSION = YES;
				GCC_WARN_ABOUT_RETURN_TYPE = YES_ERROR;
				GCC_WARN_UNDECLARED_SELECTOR = YES;
				GCC_WARN_UNINITIALIZED_AUTOS = YES_AGGRESSIVE;
				GCC_WARN_UNUSED_FUNCTION = YES;
				GCC_WARN_UNUSED_VARIABLE = YES;
				IPHONEOS_DEPLOYMENT_TARGET = 7.1;
				ONLY_ACTIVE_ARCH = YES;
				SDKROOT = iphoneos;
			};
			name = Debug;
		};
		512EA8A41997F5440043D890 /* Release */ = {
			isa = XCBuildConfiguration;
			buildSettings = {
				ALWAYS_SEARCH_USER_PATHS = NO;
				CLANG_CXX_LANGUAGE_STANDARD = "gnu++0x";
				CLANG_CXX_LIBRARY = "libc++";
				CLANG_ENABLE_MODULES = YES;
				CLANG_ENABLE_OBJC_ARC = YES;
				CLANG_WARN_BOOL_CONVERSION = YES;
				CLANG_WARN_CONSTANT_CONVERSION = YES;
				CLANG_WARN_DIRECT_OBJC_ISA_USAGE = YES_ERROR;
				CLANG_WARN_EMPTY_BODY = YES;
				CLANG_WARN_ENUM_CONVERSION = YES;
				CLANG_WARN_INT_CONVERSION = YES;
				CLANG_WARN_OBJC_ROOT_CLASS = YES_ERROR;
				CLANG_WARN__DUPLICATE_METHOD_MATCH = YES;
				"CODE_SIGN_IDENTITY[sdk=iphoneos*]" = "iPhone Developer";
				COPY_PHASE_STRIP = YES;
				ENABLE_NS_ASSERTIONS = NO;
				GCC_C_LANGUAGE_STANDARD = gnu99;
				GCC_WARN_64_TO_32_BIT_CONVERSION = YES;
				GCC_WARN_ABOUT_RETURN_TYPE = YES_ERROR;
				GCC_WARN_UNDECLARED_SELECTOR = YES;
				GCC_WARN_UNINITIALIZED_AUTOS = YES_AGGRESSIVE;
				GCC_WARN_UNUSED_FUNCTION = YES;
				GCC_WARN_UNUSED_VARIABLE = YES;
				IPHONEOS_DEPLOYMENT_TARGET = 7.1;
				SDKROOT = iphoneos;
				VALIDATE_PRODUCT = YES;
			};
			name = Release;
		};
		512EA8A61997F5440043D890 /* Debug */ = {
			isa = XCBuildConfiguration;
			buildSettings = {
				ASSETCATALOG_COMPILER_APPICON_NAME = AppIcon;
				ASSETCATALOG_COMPILER_LAUNCHIMAGE_NAME = LaunchImage;
				GCC_PRECOMPILE_PREFIX_HEADER = YES;
				GCC_PREFIX_HEADER = "TestPthread/TestPthread-Prefix.pch";
				INFOPLIST_FILE = "TestPthread/TestPthread-Info.plist";
				PRODUCT_NAME = "$(TARGET_NAME)";
				WRAPPER_EXTENSION = app;
			};
			name = Debug;
		};
		512EA8A71997F5440043D890 /* Release */ = {
			isa = XCBuildConfiguration;
			buildSettings = {
				ASSETCATALOG_COMPILER_APPICON_NAME = AppIcon;
				ASSETCATALOG_COMPILER_LAUNCHIMAGE_NAME = LaunchImage;
				GCC_PRECOMPILE_PREFIX_HEADER = YES;
				GCC_PREFIX_HEADER = "TestPthread/TestPthread-Prefix.pch";
				INFOPLIST_FILE = "TestPthread/TestPthread-Info.plist";
				PRODUCT_NAME = "$(TARGET_NAME)";
				WRAPPER_EXTENSION = app;
			};
			name = Release;
		};
		512EA8A91997F5440043D890 /* Debug */ = {
			isa = XCBuildConfiguration;
			buildSettings = {
				BUNDLE_LOADER = "$(BUILT_PRODUCTS_DIR)/TestPthread.app/TestPthread";
				FRAMEWORK_SEARCH_PATHS = (
					"$(SDKROOT)/Developer/Library/Frameworks",
					"$(inherited)",
					"$(DEVELOPER_FRAMEWORKS_DIR)",
				);
				GCC_PRECOMPILE_PREFIX_HEADER = YES;
				GCC_PREFIX_HEADER = "TestPthread/TestPthread-Prefix.pch";
				GCC_PREPROCESSOR_DEFINITIONS = (
					"DEBUG=1",
					"$(inherited)",
				);
				INFOPLIST_FILE = "TestPthreadTests/TestPthreadTests-Info.plist";
				PRODUCT_NAME = "$(TARGET_NAME)";
				TEST_HOST = "$(BUNDLE_LOADER)";
				WRAPPER_EXTENSION = xctest;
			};
			name = Debug;
		};
		512EA8AA1997F5440043D890 /* Release */ = {
			isa = XCBuildConfiguration;
			buildSettings = {
				BUNDLE_LOADER = "$(BUILT_PRODUCTS_DIR)/TestPthread.app/TestPthread";
				FRAMEWORK_SEARCH_PATHS = (
					"$(SDKROOT)/Developer/Library/Frameworks",
					"$(inherited)",
					"$(DEVELOPER_FRAMEWORKS_DIR)",
				);
				GCC_PRECOMPILE_PREFIX_HEADER = YES;
				GCC_PREFIX_HEADER = "TestPthread/TestPthread-Prefix.pch";
				INFOPLIST_FILE = "TestPthreadTests/TestPthreadTests-Info.plist";
				PRODUCT_NAME = "$(TARGET_NAME)";
				TEST_HOST = "$(BUNDLE_LOADER)";
				WRAPPER_EXTENSION = xctest;
			};
			name = Release;
		};
/* End XCBuildConfiguration section */

/* Begin XCConfigurationList section */
		512EA86E1997F5440043D890 /* Build configuration list for PBXProject "TestPthread" */ = {
			isa = XCConfigurationList;
			buildConfigurations = (
				512EA8A31997F5440043D890 /* Debug */,
				512EA8A41997F5440043D890 /* Release */,
			);
			defaultConfigurationIsVisible = 0;
			defaultConfigurationName = Release;
		};
		512EA8A51997F5440043D890 /* Build configuration list for PBXNativeTarget "TestPthread" */ = {
			isa = XCConfigurationList;
			buildConfigurations = (
				512EA8A61997F5440043D890 /* Debug */,
				512EA8A71997F5440043D890 /* Release */,
			);
			defaultConfigurationIsVisible = 0;
			defaultConfigurationName = Release;
		};
		512EA8A81997F5440043D890 /* Build configuration list for PBXNativeTarget "TestPthreadTests" */ = {
			isa = XCConfigurationList;
			buildConfigurations = (
				512EA8A91997F5440043D890 /* Debug */,
				512EA8AA1997F5440043D890 /* Release */,
			);
			defaultConfigurationIsVisible = 0;
			defaultConfigurationName = Release;
		};
/* End XCConfigurationList section */
	};
	rootObject = 512EA86B1997F5440043D890 /* Project object */;
}
